
Microsoft Visual Studio Solution File, Format Version 12.00
Project("{FAE04EC0-301F-11D3-BF4B-00C04F79EFBC}") = "SchemaConverter", "SchemaConverter\SchemaConverter.csproj", "{9AC0C7BB-939B-496A-A882-44327DAF7C3F}"
EndProject
Project("{FAE04EC0-301F-11D3-BF4B-00C04F79EFBC}") = "SchemaValidator", "SchemaValidator\SchemaValidator.csproj", "{22B92DA2-D46B-4219-A0E7-CC55F9213BAD}"
EndProject
Global
	GlobalSection(SolutionConfigurationPlatforms) = preSolution
		Debug|Any CPU = Debug|Any CPU
		Release|Any CPU = Release|Any CPU
	EndGlobalSection
	GlobalSection(ProjectConfigurationPlatforms) = postSolution
		{9AC0C7BB-939B-496A-A882-44327DAF7C3F}.Debug|Any CPU.ActiveCfg = Debug|Any CPU
		{9AC0C7BB-939B-496A-A882-44327DAF7C3F}.Debug|Any CPU.Build.0 = Debug|Any CPU
		{9AC0C7BB-939B-496A-A882-44327DAF7C3F}.Release|Any CPU.ActiveCfg = Release|Any CPU
		{9AC0C7BB-939B-496A-A882-44327DAF7C3F}.Release|Any CPU.Build.0 = Release|Any CPU
		{22B92DA2-D46B-4219-A0E7-CC55F9213BAD}.Debug|Any CPU.ActiveCfg = Debug|Any CPU
		{22B92DA2-D46B-4219-A0E7-CC55F9213BAD}.Debug|Any CPU.Build.0 = Debug|Any CPU
		{22B92DA2-D46B-4219-A0E7-CC55F9213BAD}.Release|Any CPU.ActiveCfg = Release|Any CPU
		{22B92DA2-D46B-4219-A0E7-CC55F9213BAD}.Release|Any CPU.Build.0 = Release|Any CPU
	EndGlobalSection
EndGlobal
